// !$*UTF8*$!
{
	archiveVersion = 1;
	classes = {
	};
	objectVersion = 50;
	objects = {

/* Begin PBXBuildFile section */
		EB0329E121AF081D002FA159 /* AppDelegate.swift in Sources */ = {isa = PBXBuildFile; fileRef = EB0329E021AF081D002FA159 /* AppDelegate.swift */; };
		EB0329E621AF081D002FA159 /* Main.storyboard in Resources */ = {isa = PBXBuildFile; fileRef = EB0329E421AF081D002FA159 /* Main.storyboard */; };
		EB0329E821AF081E002FA159 /* Assets.xcassets in Resources */ = {isa = PBXBuildFile; fileRef = EB0329E721AF081E002FA159 /* Assets.xcassets */; };
		EB0329EB21AF081E002FA159 /* LaunchScreen.storyboard in Resources */ = {isa = PBXBuildFile; fileRef = EB0329E921AF081E002FA159 /* LaunchScreen.storyboard */; };
		EB0329F321AF0974002FA159 /* TableViewCell.swift in Sources */ = {isa = PBXBuildFile; fileRef = EB0329F221AF0974002FA159 /* TableViewCell.swift */; };
		EB0329F521AF0987002FA159 /* TableViewController.swift in Sources */ = {isa = PBXBuildFile; fileRef = EB0329F421AF0987002FA159 /* TableViewController.swift */; };
		EB0329F721AF0997002FA159 /* CollectionViewCell.swift in Sources */ = {isa = PBXBuildFile; fileRef = EB0329F621AF0997002FA159 /* CollectionViewCell.swift */; };
		EB0329F921AF09B2002FA159 /* CollectionViewController.swift in Sources */ = {isa = PBXBuildFile; fileRef = EB0329F821AF09B2002FA159 /* CollectionViewController.swift */; };
		EB0329FB21AF0A14002FA159 /* CollectionReusableViewHeaderView.swift in Sources */ = {isa = PBXBuildFile; fileRef = EB0329FA21AF0A14002FA159 /* CollectionReusableViewHeaderView.swift */; };
		EB0329FD21AF0A9C002FA159 /* CrayonModel.swift in Sources */ = {isa = PBXBuildFile; fileRef = EB0329FC21AF0A9C002FA159 /* CrayonModel.swift */; };
		EB0329FF21AF20C7002FA159 /* CollectionReuseableHeaderView.xib in Resources */ = {isa = PBXBuildFile; fileRef = EB0329FE21AF20C7002FA159 /* CollectionReuseableHeaderView.xib */; };
/* End PBXBuildFile section */

/* Begin PBXFileReference section */
		EB0329DD21AF081D002FA159 /* TableCollection.app */ = {isa = PBXFileReference; explicitFileType = wrapper.application; includeInIndex = 0; path = TableCollection.app; sourceTree = BUILT_PRODUCTS_DIR; };
		EB0329E021AF081D002FA159 /* AppDelegate.swift */ = {isa = PBXFileReference; lastKnownFileType = sourcecode.swift; path = AppDelegate.swift; sourceTree = "<group>"; };
		EB0329E521AF081D002FA159 /* Base */ = {isa = PBXFileReference; lastKnownFileType = file.storyboard; name = Base; path = Base.lproj/Main.storyboard; sourceTree = "<group>"; };
		EB0329E721AF081E002FA159 /* Assets.xcassets */ = {isa = PBXFileReference; lastKnownFileType = folder.assetcatalog; path = Assets.xcassets; sourceTree = "<group>"; };
		EB0329EA21AF081E002FA159 /* Base */ = {isa = PBXFileReference; lastKnownFileType = file.storyboard; name = Base; path = Base.lproj/LaunchScreen.storyboard; sourceTree = "<group>"; };
		EB0329EC21AF081E002FA159 /* Info.plist */ = {isa = PBXFileReference; lastKnownFileType = text.plist.xml; path = Info.plist; sourceTree = "<group>"; };
		EB0329F221AF0974002FA159 /* TableViewCell.swift */ = {isa = PBXFileReference; lastKnownFileType = sourcecode.swift; path = TableViewCell.swift; sourceTree = "<group>"; };
		EB0329F421AF0987002FA159 /* TableViewController.swift */ = {isa = PBXFileReference; lastKnownFileType = sourcecode.swift; path = TableViewController.swift; sourceTree = "<group>"; };
		EB0329F621AF0997002FA159 /* CollectionViewCell.swift */ = {isa = PBXFileReference; lastKnownFileType = sourcecode.swift; path = CollectionViewCell.swift; sourceTree = "<group>"; };
		EB0329F821AF09B2002FA159 /* CollectionViewController.swift */ = {isa = PBXFileReference; lastKnownFileType = sourcecode.swift; path = CollectionViewController.swift; sourceTree = "<group>"; };
		EB0329FA21AF0A14002FA159 /* CollectionReusableViewHeaderView.swift */ = {isa = PBXFileReference; lastKnownFileType = sourcecode.swift; path = CollectionReusableViewHeaderView.swift; sourceTree = "<group>"; };
		EB0329FC21AF0A9C002FA159 /* CrayonModel.swift */ = {isa = PBXFileReference; lastKnownFileType = sourcecode.swift; path = CrayonModel.swift; sourceTree = "<group>"; };
		EB0329FE21AF20C7002FA159 /* CollectionReuseableHeaderView.xib */ = {isa = PBXFileReference; lastKnownFileType = file.xib; path = CollectionReuseableHeaderView.xib; sourceTree = "<group>"; };
/* End PBXFileReference section */

/* Begin PBXFrameworksBuildPhase section */
		EB0329DA21AF081D002FA159 /* Frameworks */ = {
			isa = PBXFrameworksBuildPhase;
			buildActionMask = 2147483647;
			files = (
			);
			runOnlyForDeploymentPostprocessing = 0;
		};
/* End PBXFrameworksBuildPhase section */

/* Begin PBXGroup section */
		EB0329D421AF081C002FA159 = {
			isa = PBXGroup;
			children = (
				EB0329DF21AF081D002FA159 /* TableCollection */,
				EB0329DE21AF081D002FA159 /* Products */,
			);
			sourceTree = "<group>";
		};
		EB0329DE21AF081D002FA159 /* Products */ = {
			isa = PBXGroup;
			children = (
				EB0329DD21AF081D002FA159 /* TableCollection.app */,
			);
			name = Products;
			sourceTree = "<group>";
		};
		EB0329DF21AF081D002FA159 /* TableCollection */ = {
			isa = PBXGroup;
			children = (
				EB0329E021AF081D002FA159 /* AppDelegate.swift */,
				EB0329E421AF081D002FA159 /* Main.storyboard */,
				EB0329FE21AF20C7002FA159 /* CollectionReuseableHeaderView.xib */,
				EB0329E721AF081E002FA159 /* Assets.xcassets */,
				EB0329E921AF081E002FA159 /* LaunchScreen.storyboard */,
				EB0329EC21AF081E002FA159 /* Info.plist */,
				EB0329F221AF0974002FA159 /* TableViewCell.swift */,
				EB0329F421AF0987002FA159 /* TableViewController.swift */,
				EB0329F621AF0997002FA159 /* CollectionViewCell.swift */,
				EB0329F821AF09B2002FA159 /* CollectionViewController.swift */,
				EB0329FA21AF0A14002FA159 /* CollectionReusableViewHeaderView.swift */,
				EB0329FC21AF0A9C002FA159 /* CrayonModel.swift */,
			);
			path = TableCollection;
			sourceTree = "<group>";
		};
/* End PBXGroup section */

/* Begin PBXNativeTarget section */
		EB0329DC21AF081D002FA159 /* TableCollection */ = {
			isa = PBXNativeTarget;
			buildConfigurationList = EB0329EF21AF081E002FA159 /* Build configuration list for PBXNativeTarget "TableCollection" */;
			buildPhases = (
				EB0329D921AF081D002FA159 /* Sources */,
				EB0329DA21AF081D002FA159 /* Frameworks */,
				EB0329DB21AF081D002FA159 /* Resources */,
			);
			buildRules = (
			);
			dependencies = (
			);
			name = TableCollection;
			productName = TableCollection;
			productReference = EB0329DD21AF081D002FA159 /* TableCollection.app */;
			productType = "com.apple.product-type.application";
		};
/* End PBXNativeTarget section */

/* Begin PBXProject section */
		EB0329D521AF081C002FA159 /* Project object */ = {
			isa = PBXProject;
			attributes = {
				LastSwiftUpdateCheck = 1010;
				LastUpgradeCheck = 1010;
				ORGANIZATIONNAME = "Iyin Raphael";
				TargetAttributes = {
					EB0329DC21AF081D002FA159 = {
						CreatedOnToolsVersion = 10.1;
					};
				};
			};
			buildConfigurationList = EB0329D821AF081D002FA159 /* Build configuration list for PBXProject "TableCollection" */;
			compatibilityVersion = "Xcode 9.3";
			developmentRegion = en;
			hasScannedForEncodings = 0;
			knownRegions = (
				en,
				Base,
			);
			mainGroup = EB0329D421AF081C002FA159;
			productRefGroup = EB0329DE21AF081D002FA159 /* Products */;
			projectDirPath = "";
			projectRoot = "";
			targets = (
				EB0329DC21AF081D002FA159 /* TableCollection */,
			);
		};
/* End PBXProject section */

/* Begin PBXResourcesBuildPhase section */
		EB0329DB21AF081D002FA159 /* Resources */ = {
			isa = PBXResourcesBuildPhase;
			buildActionMask = 2147483647;
			files = (
				EB0329EB21AF081E002FA159 /* LaunchScreen.storyboard in Resources */,
				EB0329E821AF081E002FA159 /* Assets.xcassets in Resources */,
				EB0329FF21AF20C7002FA159 /* CollectionReuseableHeaderView.xib in Resources */,
				EB0329E621AF081D002FA159 /* Main.storyboard in Resources */,
			);
			runOnlyForDeploymentPostprocessing = 0;
		};
/* End PBXResourcesBuildPhase section */

/* Begin PBXSourcesBuildPhase section */
		EB0329D921AF081D002FA159 /* Sources */ = {
			isa = PBXSourcesBuildPhase;
			buildActionMask = 2147483647;
			files = (
				EB0329E121AF081D002FA159 /* AppDelegate.swift in Sources */,
				EB0329F521AF0987002FA159 /* TableViewController.swift in Sources */,
				EB0329FD21AF0A9C002FA159 /* CrayonModel.swift in Sources */,
				EB0329F721AF0997002FA159 /* CollectionViewCell.swift in Sources */,
				EB0329F321AF0974002FA159 /* TableViewCell.swift in Sources */,
				EB0329F921AF09B2002FA159 /* CollectionViewController.swift in Sources */,
				EB0329FB21AF0A14002FA159 /* CollectionReusableViewHeaderView.swift in Sources */,
			);
			runOnlyForDeploymentPostprocessing = 0;
		};
/* End PBXSourcesBuildPhase section */

/* Begin PBXVariantGroup section */
		EB0329E421AF081D002FA159 /* Main.storyboard */ = {
			isa = PBXVariantGroup;
			children = (
				EB0329E521AF081D002FA159 /* Base */,
			);
			name = Main.storyboard;
			sourceTree = "<group>";
		};
		EB0329E921AF081E002FA159 /* LaunchScreen.storyboard */ = {
			isa = PBXVariantGroup;
			children = (
				EB0329EA21AF081E002FA159 /* Base */,
			);
			name = LaunchScreen.storyboard;
			sourceTree = "<group>";
		};
/* End PBXVariantGroup section */

/* Begin XCBuildConfiguration section */
		EB0329ED21AF081E002FA159 /* Debug */ = {
			isa = XCBuildConfiguration;
			buildSettings = {
				ALWAYS_SEARCH_USER_PATHS = NO;
				CLANG_ANALYZER_NONNULL = YES;
				CLANG_ANALYZER_NUMBER_OBJECT_CONVERSION = YES_AGGRESSIVE;
				CLANG_CXX_LANGUAGE_STANDARD = "gnu++14";
				CLANG_CXX_LIBRARY = "libc++";
				CLANG_ENABLE_MODULES = YES;
				CLANG_ENABLE_OBJC_ARC = YES;
				CLANG_ENABLE_OBJC_WEAK = YES;
				CLANG_WARN_BLOCK_CAPTURE_AUTORELEASING = YES;
				CLANG_WARN_BOOL_CONVERSION = YES;
				CLANG_WARN_COMMA = YES;
				CLANG_WARN_CONSTANT_CONVERSION = YES;
				CLANG_WARN_DEPRECATED_OBJC_IMPLEMENTATIONS = YES;
				CLANG_WARN_DIRECT_OBJC_ISA_USAGE = YES_ERROR;
				CLANG_WARN_DOCUMENTATION_COMMENTS = YES;
				CLANG_WARN_EMPTY_BODY = YES;
				CLANG_WARN_ENUM_CONVERSION = YES;
				CLANG_WARN_INFINITE_RECURSION = YES;
				CLANG_WARN_INT_CONVERSION = YES;
				CLANG_WARN_NON_LITERAL_NULL_CONVERSION = YES;
				CLANG_WARN_OBJC_IMPLICIT_RETAIN_SELF = YES;
				CLANG_WARN_OBJC_LITERAL_CONVERSION = YES;
				CLANG_WARN_OBJC_ROOT_CLASS = YES_ERROR;
				CLANG_WARN_RANGE_LOOP_ANALYSIS = YES;
				CLANG_WARN_STRICT_PROTOTYPES = YES;
				CLANG_WARN_SUSPICIOUS_MOVE = YES;
				CLANG_WARN_UNGUARDED_AVAILABILITY = YES_AGGRESSIVE;
				CLANG_WARN_UNREACHABLE_CODE = YES;
				CLANG_WARN__DUPLICATE_METHOD_MATCH = YES;
				CODE_SIGN_IDENTITY = "iPhone Developer";
				COPY_PHASE_STRIP = NO;
				DEBUG_INFORMATION_FORMAT = dwarf;
				ENABLE_STRICT_OBJC_MSGSEND = YES;
				ENABLE_TESTABILITY = YES;
				GCC_C_LANGUAGE_STANDARD = gnu11;
				GCC_DYNAMIC_NO_PIC = NO;
				GCC_NO_COMMON_BLOCKS = YES;
				GCC_OPTIMIZATION_LEVEL = 0;
				GCC_PREPROCESSOR_DEFINITIONS = (
					"DEBUG=1",
					"$(inherited)",
				);
				GCC_WARN_64_TO_32_BIT_CONVERSION = YES;
				GCC_WARN_ABOUT_RETURN_TYPE = YES_ERROR;
				GCC_WARN_UNDECLARED_SELECTOR = YES;
				GCC_WARN_UNINITIALIZED_AUTOS = YES_AGGRESSIVE;
				GCC_WARN_UNUSED_FUNCTION = YES;
				GCC_WARN_UNUSED_VARIABLE = YES;
				IPHONEOS_DEPLOYMENT_TARGET = 12.1;
				MTL_ENABLE_DEBUG_INFO = INCLUDE_SOURCE;
				MTL_FAST_MATH = YES;
				ONLY_ACTIVE_ARCH = YES;
				SDKROOT = iphoneos;
				SWIFT_ACTIVE_COMPILATION_CONDITIONS = DEBUG;
				SWIFT_OPTIMIZATION_LEVEL = "-Onone";
			};
			name = Debug;
		};
		EB0329EE21AF081E002FA159 /* Release */ = {
			isa = XCBuildConfiguration;
			buildSettings = {
				ALWAYS_SEARCH_USER_PATHS = NO;
				CLANG_ANALYZER_NONNULL = YES;
				CLANG_ANALYZER_NUMBER_OBJECT_CONVERSION = YES_AGGRESSIVE;
				CLANG_CXX_LANGUAGE_STANDARD = "gnu++14";
				CLANG_CXX_LIBRARY = "libc++";
				CLANG_ENABLE_MODULES = YES;
				CLANG_ENABLE_OBJC_ARC = YES;
				CLANG_ENABLE_OBJC_WEAK = YES;
				CLANG_WARN_BLOCK_CAPTURE_AUTORELEASING = YES;
				CLANG_WARN_BOOL_CONVERSION = YES;
				CLANG_WARN_COMMA = YES;
				CLANG_WARN_CONSTANT_CONVERSION = YES;
				CLANG_WARN_DEPRECATED_OBJC_IMPLEMENTATIONS = YES;
				CLANG_WARN_DIRECT_OBJC_ISA_USAGE = YES_ERROR;
				CLANG_WARN_DOCUMENTATION_COMMENTS = YES;
				CLANG_WARN_EMPTY_BODY = YES;
				CLANG_WARN_ENUM_CONVERSION = YES;
				CLANG_WARN_INFINITE_RECURSION = YES;
				CLANG_WARN_INT_CONVERSION = YES;
				CLANG_WARN_NON_LITERAL_NULL_CONVERSION = YES;
				CLANG_WARN_OBJC_IMPLICIT_RETAIN_SELF = YES;
				CLANG_WARN_OBJC_LITERAL_CONVERSION = YES;
				CLANG_WARN_OBJC_ROOT_CLASS = YES_ERROR;
				CLANG_WARN_RANGE_LOOP_ANALYSIS = YES;
				CLANG_WARN_STRICT_PROTOTYPES = YES;
				CLANG_WARN_SUSPICIOUS_MOVE = YES;
				CLANG_WARN_UNGUARDED_AVAILABILITY = YES_AGGRESSIVE;
				CLANG_WARN_UNREACHABLE_CODE = YES;
				CLANG_WARN__DUPLICATE_METHOD_MATCH = YES;
				CODE_SIGN_IDENTITY = "iPhone Developer";
				COPY_PHASE_STRIP = NO;
				DEBUG_INFORMATION_FORMAT = "dwarf-with-dsym";
				ENABLE_NS_ASSERTIONS = NO;
				ENABLE_STRICT_OBJC_MSGSEND = YES;
				GCC_C_LANGUAGE_STANDARD = gnu11;
				GCC_NO_COMMON_BLOCKS = YES;
				GCC_WARN_64_TO_32_BIT_CONVERSION = YES;
				GCC_WARN_ABOUT_RETURN_TYPE = YES_ERROR;
				GCC_WARN_UNDECLARED_SELECTOR = YES;
				GCC_WARN_UNINITIALIZED_AUTOS = YES_AGGRESSIVE;
				GCC_WARN_UNUSED_FUNCTION = YES;
				GCC_WARN_UNUSED_VARIABLE = YES;
				IPHONEOS_DEPLOYMENT_TARGET = 12.1;
				MTL_ENABLE_DEBUG_INFO = NO;
				MTL_FAST_MATH = YES;
				SDKROOT = iphoneos;
				SWIFT_COMPILATION_MODE = wholemodule;
				SWIFT_OPTIMIZATION_LEVEL = "-O";
				VALIDATE_PRODUCT = YES;
			};
			name = Release;
		};
		EB0329F021AF081E002FA159 /* Debug */ = {
			isa = XCBuildConfiguration;
			buildSettings = {
				ASSETCATALOG_COMPILER_APPICON_NAME = AppIcon;
				CODE_SIGN_STYLE = Automatic;
				INFOPLIST_FILE = TableCollection/Info.plist;
				LD_RUNPATH_SEARCH_PATHS = (
					"$(inherited)",
					"@executable_path/Frameworks",
				);
				PRODUCT_BUNDLE_IDENTIFIER = com.iyinraphael.TableCollection;
				PRODUCT_NAME = "$(TARGET_NAME)";
				SWIFT_VERSION = 4.2;
				TARGETED_DEVICE_FAMILY = "1,2";
			};
			name = Debug;
		};
		EB0329F121AF081E002FA159 /* Release */ = {
			isa = XCBuildConfiguration;
			buildSettings = {
				ASSETCATALOG_COMPILER_APPICON_NAME = AppIcon;
				CODE_SIGN_STYLE = Automatic;
				INFOPLIST_FILE = TableCollection/Info.plist;
				LD_RUNPATH_SEARCH_PATHS = (
					"$(inherited)",
					"@executable_path/Frameworks",
				);
				PRODUCT_BUNDLE_IDENTIFIER = com.iyinraphael.TableCollection;
				PRODUCT_NAME = "$(TARGET_NAME)";
				SWIFT_VERSION = 4.2;
				TARGETED_DEVICE_FAMILY = "1,2";
			};
			name = Release;
		};
/* End XCBuildConfiguration section */

/* Begin XCConfigurationList section */
		EB0329D821AF081D002FA159 /* Build configuration list for PBXProject "TableCollection" */ = {
			isa = XCConfigurationList;
			buildConfigurations = (
				EB0329ED21AF081E002FA159 /* Debug */,
				EB0329EE21AF081E002FA159 /* Release */,
			);
			defaultConfigurationIsVisible = 0;
			defaultConfigurationName = Release;
		};
		EB0329EF21AF081E002FA159 /* Build configuration list for PBXNativeTarget "TableCollection" */ = {
			isa = XCConfigurationList;
			buildConfigurations = (
				EB0329F021AF081E002FA159 /* Debug */,
				EB0329F121AF081E002FA159 /* Release */,
			);
			defaultConfigurationIsVisible = 0;
			defaultConfigurationName = Release;
		};
/* End XCConfigurationList section */
	};
	rootObject = EB0329D521AF081C002FA159 /* Project object */;
}
